
Microsoft Visual Studio Solution File, Format Version 12.00
# Visual Studio Version 17
VisualStudioVersion = 17.3.32922.545
MinimumVisualStudioVersion = 10.0.40219.1
Project("{FAE04EC0-301F-11D3-BF4B-00C04F79EFBC}") = "пр.№15", "пр.№15\пр.№15.csproj", "{E5735B2E-B845-41A7-A3E8-E992CB684B1D}"
EndProject
Global
	GlobalSection(SolutionConfigurationPlatforms) = preSolution
		Debug|Any CPU = Debug|Any CPU
		Release|Any CPU = Release|Any CPU
	EndGlobalSection
	GlobalSection(ProjectConfigurationPlatforms) = postSolution
		{E5735B2E-B845-41A7-A3E8-E992CB684B1D}.Debug|Any CPU.ActiveCfg = Debug|Any CPU
		{E5735B2E-B845-41A7-A3E8-E992CB684B1D}.Debug|Any CPU.Build.0 = Debug|Any CPU
		{E5735B2E-B845-41A7-A3E8-E992CB684B1D}.Release|Any CPU.ActiveCfg = Release|Any CPU
		{E5735B2E-B845-41A7-A3E8-E992CB684B1D}.Release|Any CPU.Build.0 = Release|Any CPU
	EndGlobalSection
	GlobalSection(SolutionProperties) = preSolution
		HideSolutionNode = FALSE
	EndGlobalSection
	GlobalSection(ExtensibilityGlobals) = postSolution
		SolutionGuid = {B38C714B-FCB1-4465-9A3D-DC40E1B98CD7}
	EndGlobalSection
EndGlobal
